
Microsoft Visual Studio Solution File, Format Version 12.00
Project("{FAE04EC0-301F-11D3-BF4B-00C04F79EFBC}") = "Lab4", "Lab4\Lab4.csproj", "{5DDCAADE-60A6-4BD6-B3D6-B553EE90C57C}"
EndProject
Project("{FAE04EC0-301F-11D3-BF4B-00C04F79EFBC}") = "LabExecution", "LabExecution\LabExecution.csproj", "{C0DD9A2D-4B60-4CD2-A009-B01C48BBD482}"
EndProject
Global
	GlobalSection(SolutionConfigurationPlatforms) = preSolution
		Debug|Any CPU = Debug|Any CPU
		Release|Any CPU = Release|Any CPU
	EndGlobalSection
	GlobalSection(ProjectConfigurationPlatforms) = postSolution
		{5DDCAADE-60A6-4BD6-B3D6-B553EE90C57C}.Debug|Any CPU.ActiveCfg = Debug|Any CPU
		{5DDCAADE-60A6-4BD6-B3D6-B553EE90C57C}.Debug|Any CPU.Build.0 = Debug|Any CPU
		{5DDCAADE-60A6-4BD6-B3D6-B553EE90C57C}.Release|Any CPU.ActiveCfg = Release|Any CPU
		{5DDCAADE-60A6-4BD6-B3D6-B553EE90C57C}.Release|Any CPU.Build.0 = Release|Any CPU
		{C0DD9A2D-4B60-4CD2-A009-B01C48BBD482}.Debug|Any CPU.ActiveCfg = Debug|Any CPU
		{C0DD9A2D-4B60-4CD2-A009-B01C48BBD482}.Debug|Any CPU.Build.0 = Debug|Any CPU
		{C0DD9A2D-4B60-4CD2-A009-B01C48BBD482}.Release|Any CPU.ActiveCfg = Release|Any CPU
		{C0DD9A2D-4B60-4CD2-A009-B01C48BBD482}.Release|Any CPU.Build.0 = Release|Any CPU
	EndGlobalSection
EndGlobal
